
Microsoft Visual Studio Solution File, Format Version 12.00
# Visual Studio Version 17
VisualStudioVersion = 17.2.32630.192
MinimumVisualStudioVersion = 10.0.40219.1
Project("{9A19103F-16F7-4668-BE54-9A1E7A4F7556}") = "R5T.T0248", "R5T.T0248\R5T.T0248.csproj", "{C3160493-6256-4EBC-9AA5-DC57EEFF3BF7}"
EndProject
Global
	GlobalSection(SolutionConfigurationPlatforms) = preSolution
		Debug|Any CPU = Debug|Any CPU
		Release|Any CPU = Release|Any CPU
	EndGlobalSection
	GlobalSection(ProjectConfigurationPlatforms) = postSolution
		{C3160493-6256-4EBC-9AA5-DC57EEFF3BF7}.Debug|Any CPU.ActiveCfg = Debug|Any CPU
		{C3160493-6256-4EBC-9AA5-DC57EEFF3BF7}.Debug|Any CPU.Build.0 = Debug|Any CPU
		{C3160493-6256-4EBC-9AA5-DC57EEFF3BF7}.Release|Any CPU.ActiveCfg = Release|Any CPU
		{C3160493-6256-4EBC-9AA5-DC57EEFF3BF7}.Release|Any CPU.Build.0 = Release|Any CPU
	EndGlobalSection
	GlobalSection(SolutionProperties) = preSolution
		HideSolutionNode = FALSE
	EndGlobalSection
	GlobalSection(ExtensibilityGlobals) = postSolution
		SolutionGuid = {17065A40-3E2E-4172-BFC3-E8E792A0E7B1}
	EndGlobalSection
EndGlobal
