
Microsoft Visual Studio Solution File, Format Version 12.00
# Visual Studio Version 17
VisualStudioVersion = 17.2.32630.192
MinimumVisualStudioVersion = 10.0.40219.1
Project("{9A19103F-16F7-4668-BE54-9A1E7A4F7556}") = "R5T.T0248.Construction", "R5T.T0248.Construction\R5T.T0248.Construction.csproj", "{7B5B2FA8-39AD-47EC-A479-8CA5656AFC31}"
EndProject
Project("{9A19103F-16F7-4668-BE54-9A1E7A4F7556}") = "R5T.T0248", "R5T.T0248\R5T.T0248.csproj", "{BC4D00AB-E21B-499A-B3AA-5D4E8E4BDB17}"
EndProject
Global
	GlobalSection(SolutionConfigurationPlatforms) = preSolution
		Debug|Any CPU = Debug|Any CPU
		Release|Any CPU = Release|Any CPU
	EndGlobalSection
	GlobalSection(ProjectConfigurationPlatforms) = postSolution
		{7B5B2FA8-39AD-47EC-A479-8CA5656AFC31}.Debug|Any CPU.ActiveCfg = Debug|Any CPU
		{7B5B2FA8-39AD-47EC-A479-8CA5656AFC31}.Debug|Any CPU.Build.0 = Debug|Any CPU
		{7B5B2FA8-39AD-47EC-A479-8CA5656AFC31}.Release|Any CPU.ActiveCfg = Release|Any CPU
		{7B5B2FA8-39AD-47EC-A479-8CA5656AFC31}.Release|Any CPU.Build.0 = Release|Any CPU
		{BC4D00AB-E21B-499A-B3AA-5D4E8E4BDB17}.Debug|Any CPU.ActiveCfg = Debug|Any CPU
		{BC4D00AB-E21B-499A-B3AA-5D4E8E4BDB17}.Debug|Any CPU.Build.0 = Debug|Any CPU
		{BC4D00AB-E21B-499A-B3AA-5D4E8E4BDB17}.Release|Any CPU.ActiveCfg = Release|Any CPU
		{BC4D00AB-E21B-499A-B3AA-5D4E8E4BDB17}.Release|Any CPU.Build.0 = Release|Any CPU
	EndGlobalSection
	GlobalSection(SolutionProperties) = preSolution
		HideSolutionNode = FALSE
	EndGlobalSection
	GlobalSection(ExtensibilityGlobals) = postSolution
		SolutionGuid = {3C2F294F-AE91-4874-A8E2-C3A29AFB0988}
	EndGlobalSection
EndGlobal
